<?xml version="1.0" encoding="utf-8"?>
<Project ToolsVersion="4.0" xmlns="http://schemas.microsoft.com/developer/msbuild/2003">
  <ItemGroup>
    <Filter Include="99. Headers">
      <UniqueIdentifier>{48a2e9b2-029e-4030-ad89-f95f166b17e0}</UniqueIdentifier>
    </Filter>
    <Filter Include="98. ETC">
      <UniqueIdentifier>{2984d317-34e3-4692-a052-83de5911ce11}</UniqueIdentifier>
    </Filter>
    <Filter Include="98. ETC\imgui">
      <UniqueIdentifier>{ba2cd1eb-246e-491e-b0c6-deaff5106276}</UniqueIdentifier>
    </Filter>
    <Filter Include="98. ETC\imGuizmo">
      <UniqueIdentifier>{48151439-c676-4822-8007-bd64b3b40509}</UniqueIdentifier>
    </Filter>
    <Filter Include="99. Headers\Andromeda">
      <UniqueIdentifier>{bfb542bb-9c49-4052-a507-4410bb30b0ee}</UniqueIdentifier>
    </Filter>
    <Filter Include="00. EditorApplication">
      <UniqueIdentifier>{010def09-6940-435e-9c0d-d1982557cdc5}</UniqueIdentifier>
    </Filter>
    <Filter Include="00. EditorApplication\00. main">
      <UniqueIdentifier>{abfc6b6b-0ff3-4696-9b07-03409c255337}</UniqueIdentifier>
    </Filter>
    <Filter Include="98. ETC\imgui\impl">
      <UniqueIdentifier>{af875e43-0514-4fc3-8171-b30f85576c5b}</UniqueIdentifier>
    </Filter>
    <Filter Include="01. Scene">
      <UniqueIdentifier>{fdf20e53-9e1e-468b-95f9-dbd994a2f652}</UniqueIdentifier>
    </Filter>
    <Filter Include="02. Camera">
      <UniqueIdentifier>{d899c018-5e6a-436e-a8da-64d6b89b1a53}</UniqueIdentifier>
    </Filter>
    <Filter Include="04. Loader">
      <UniqueIdentifier>{6651524d-eb82-4ddf-9d2c-3407063ff306}</UniqueIdentifier>
    </Filter>
    <Filter Include="03. Tile">
      <UniqueIdentifier>{71f096fc-57bf-4a1f-af40-4ce723b5a552}</UniqueIdentifier>
    </Filter>
  </ItemGroup>
  <ItemGroup>
    <ClInclude Include="targetver.h">
      <Filter>99. Headers\Andromeda</Filter>
    </ClInclude>
    <ClInclude Include="Resource.h">
      <Filter>99. Headers\Andromeda</Filter>
    </ClInclude>
    <ClInclude Include="framework.h">
      <Filter>99. Headers\Andromeda</Filter>
    </ClInclude>
    <ClInclude Include="main.h">
      <Filter>00. EditorApplication\00. main</Filter>
    </ClInclude>
    <ClInclude Include="imgui_impl_dx9.h">
      <Filter>98. ETC\imgui\impl</Filter>
    </ClInclude>
    <ClInclude Include="imgui_impl_win32.h">
      <Filter>98. ETC\imgui\impl</Filter>
    </ClInclude>
    <ClInclude Include="imconfig.h">
      <Filter>98. ETC\imgui</Filter>
    </ClInclude>
    <ClInclude Include="imgui.h">
      <Filter>98. ETC\imgui</Filter>
    </ClInclude>
    <ClInclude Include="imgui_internal.h">
      <Filter>98. ETC\imgui</Filter>
    </ClInclude>
    <ClInclude Include="imstb_rectpack.h">
      <Filter>98. ETC\imgui</Filter>
    </ClInclude>
    <ClInclude Include="imstb_textedit.h">
      <Filter>98. ETC\imgui</Filter>
    </ClInclude>
    <ClInclude Include="imstb_truetype.h">
      <Filter>98. ETC\imgui</Filter>
    </ClInclude>
    <ClInclude Include="GraphEditor.h">
      <Filter>98. ETC\imGuizmo</Filter>
    </ClInclude>
    <ClInclude Include="ImCurveEdit.h">
      <Filter>98. ETC\imGuizmo</Filter>
    </ClInclude>
    <ClInclude Include="ImGradient.h">
      <Filter>98. ETC\imGuizmo</Filter>
    </ClInclude>
    <ClInclude Include="ImGuizmo.h">
      <Filter>98. ETC\imGuizmo</Filter>
    </ClInclude>
    <ClInclude Include="ImSequencer.h">
      <Filter>98. ETC\imGuizmo</Filter>
    </ClInclude>
    <ClInclude Include="ImZoomSlider.h">
      <Filter>98. ETC\imGuizmo</Filter>
    </ClInclude>
    <ClInclude Include="pch.h">
      <Filter>99. Headers</Filter>
    </ClInclude>
    <ClInclude Include="..\Header\CEditorApplication.h">
      <Filter>00. EditorApplication</Filter>
    </ClInclude>
    <ClInclude Include="..\Header\CEditorScene.h">
      <Filter>01. Scene</Filter>
    </ClInclude>
    <ClInclude Include="Editor_Define.h">
      <Filter>99. Headers</Filter>
    </ClInclude>
    <ClInclude Include="..\Header\CEditorCamera.h">
      <Filter>02. Camera</Filter>
    </ClInclude>
    <ClInclude Include="..\Header\CEditLoader.h">
      <Filter>04. Loader</Filter>
    </ClInclude>
    <ClInclude Include="..\Header\CEditorLoadingScene.h">
      <Filter>01. Scene</Filter>
    </ClInclude>
  </ItemGroup>
  <ItemGroup>
    <ClCompile Include="main.cpp">
      <Filter>00. EditorApplication\00. main</Filter>
    </ClCompile>
    <ClCompile Include="imgui_impl_dx9.cpp">
      <Filter>98. ETC\imgui\impl</Filter>
    </ClCompile>
    <ClCompile Include="imgui_impl_win32.cpp">
      <Filter>98. ETC\imgui\impl</Filter>
    </ClCompile>
    <ClCompile Include="imgui.cpp">
      <Filter>98. ETC\imgui</Filter>
    </ClCompile>
    <ClCompile Include="imgui_demo.cpp">
      <Filter>98. ETC\imgui</Filter>
    </ClCompile>
    <ClCompile Include="imgui_draw.cpp">
      <Filter>98. ETC\imgui</Filter>
    </ClCompile>
    <ClCompile Include="imgui_tables.cpp">
      <Filter>98. ETC\imgui</Filter>
    </ClCompile>
    <ClCompile Include="imgui_widgets.cpp">
      <Filter>98. ETC\imgui</Filter>
    </ClCompile>
    <ClCompile Include="GraphEditor.cpp">
      <Filter>98. ETC\imGuizmo</Filter>
    </ClCompile>
    <ClCompile Include="ImCurveEdit.cpp">
      <Filter>98. ETC\imGuizmo</Filter>
    </ClCompile>
    <ClCompile Include="ImGradient.cpp">
      <Filter>98. ETC\imGuizmo</Filter>
    </ClCompile>
    <ClCompile Include="ImGuizmo.cpp">
      <Filter>98. ETC\imGuizmo</Filter>
    </ClCompile>
    <ClCompile Include="ImSequencer.cpp">
      <Filter>98. ETC\imGuizmo</Filter>
    </ClCompile>
    <ClCompile Include="pch.cpp">
      <Filter>99. Headers</Filter>
    </ClCompile>
    <ClCompile Include="..\Code\CEditorApplication.cpp">
      <Filter>00. EditorApplication</Filter>
    </ClCompile>
    <ClCompile Include="..\Code\CEditorScene.cpp">
      <Filter>01. Scene</Filter>
    </ClCompile>
    <ClCompile Include="..\Code\CEditorCamera.cpp">
      <Filter>02. Camera</Filter>
    </ClCompile>
    <ClCompile Include="..\Code\CEditLoader.cpp">
      <Filter>04. Loader</Filter>
    </ClCompile>
    <ClCompile Include="..\Code\CEditorLoadingScene.cpp">
      <Filter>01. Scene</Filter>
    </ClCompile>
  </ItemGroup>
  <ItemGroup>
    <Image Include="Editor.ico">
      <Filter>99. Headers\Andromeda</Filter>
    </Image>
    <Image Include="small.ico">
      <Filter>99. Headers\Andromeda</Filter>
    </Image>
  </ItemGroup>
  <ItemGroup>
    <ResourceCompile Include="Editor.rc">
      <Filter>99. Headers\Andromeda</Filter>
    </ResourceCompile>
  </ItemGroup>
</Project>