<?xml version="1.0" encoding="utf-8"?>
<Project ToolsVersion="4.0" xmlns="http://schemas.microsoft.com/developer/msbuild/2003">
  <ItemGroup>
    <Filter Include="소스 파일">
      <UniqueIdentifier>{4FC737F1-C7A5-4376-A066-2A32D752A2FF}</UniqueIdentifier>
      <Extensions>cpp;c;cc;cxx;c++;cppm;ixx;def;odl;idl;hpj;bat;asm;asmx</Extensions>
    </Filter>
    <Filter Include="헤더 파일">
      <UniqueIdentifier>{93995380-89BD-4b04-88EB-625FBE52EBFB}</UniqueIdentifier>
      <Extensions>h;hh;hpp;hxx;h++;hm;inl;inc;ipp;xsd</Extensions>
    </Filter>
    <Filter Include="리소스 파일">
      <UniqueIdentifier>{67DA6AB6-F800-4c08-8B7A-83BB121AAD01}</UniqueIdentifier>
      <Extensions>rc;ico;cur;bmp;dlg;rc2;rct;bin;rgs;gif;jpg;jpeg;jpe;resx;tiff;tif;png;wav;mfcribbon-ms</Extensions>
    </Filter>
    <Filter Include="00. MainApp">
      <UniqueIdentifier>{b889d5db-90b9-4d5c-a125-bf926abbfff8}</UniqueIdentifier>
    </Filter>
    <Filter Include="01. Scene">
      <UniqueIdentifier>{9e82778b-538d-4f99-a6ce-ecc68fd2c777}</UniqueIdentifier>
    </Filter>
    <Filter Include="01. Scene\00. Logo">
      <UniqueIdentifier>{ebe38559-458c-4470-a08a-65b7c991e834}</UniqueIdentifier>
    </Filter>
    <Filter Include="01. Scene\01. Stage">
      <UniqueIdentifier>{6c2bc6fb-8b26-4eb3-80ca-80681b92e0ca}</UniqueIdentifier>
    </Filter>
    <Filter Include="02. GameObject">
      <UniqueIdentifier>{7f9de596-6f8c-4417-8c7e-731cb49befcc}</UniqueIdentifier>
    </Filter>
    <Filter Include="02. GameObject\00. BackGround">
      <UniqueIdentifier>{339f2345-7ecf-41a6-9988-7ed0d488a1c8}</UniqueIdentifier>
    </Filter>
    <Filter Include="01. Scene\02. Loading">
      <UniqueIdentifier>{d8c4b272-1c4a-46ca-b9c9-68997636653a}</UniqueIdentifier>
    </Filter>
    <Filter Include="02. GameObject\05. SkyBox">
      <UniqueIdentifier>{a9a06ec8-c157-42ed-b807-cd9033af1dd8}</UniqueIdentifier>
    </Filter>
    <Filter Include="99. Header">
      <UniqueIdentifier>{93cdc3c1-8a0b-44e7-85f7-a89c16c1a037}</UniqueIdentifier>
    </Filter>
    <Filter Include="01. Scene\02. Loading\Loader">
      <UniqueIdentifier>{b8f8a04b-55df-4865-8db2-b1793a196da5}</UniqueIdentifier>
    </Filter>
    <Filter Include="02. GameObject\06. UI">
      <UniqueIdentifier>{6c2dbcfb-e0a4-4bfc-9de5-7c1adc6984cc}</UniqueIdentifier>
    </Filter>
    <Filter Include="02. GameObject\04. Camera">
      <UniqueIdentifier>{4c937395-abb0-45dd-bfb4-62be4974441d}</UniqueIdentifier>
    </Filter>
    <Filter Include="02. GameObject\04. Camera\01. DynamicCamera">
      <UniqueIdentifier>{2e80ddbf-44c7-4b9f-8e48-31f9c9c4cf57}</UniqueIdentifier>
    </Filter>
    <Filter Include="02. GameObject\04. Camera\02. CameraFPS">
      <UniqueIdentifier>{cf77e855-0e9e-4432-86be-9b0eda930f33}</UniqueIdentifier>
    </Filter>
    <Filter Include="02. GameObject\01. Character">
      <UniqueIdentifier>{2ad78b57-748a-4475-bc97-521d18e4def9}</UniqueIdentifier>
    </Filter>
    <Filter Include="02. GameObject\01. Character\01. Player">
      <UniqueIdentifier>{f08c1684-9e59-4a1f-91db-a39404b50522}</UniqueIdentifier>
    </Filter>
    <Filter Include="02. GameObject\01. Character\02. Monster">
      <UniqueIdentifier>{2d2d0674-1e7e-4d1e-9841-94446ae2ffbd}</UniqueIdentifier>
    </Filter>
    <Filter Include="03. Manager">
      <UniqueIdentifier>{5362bf18-7c21-4327-a4b4-94d9be3df2b3}</UniqueIdentifier>
    </Filter>
    <Filter Include="03. Manager\PickingManager">
      <UniqueIdentifier>{f9b54d02-4e72-4866-9974-02b9f5233c87}</UniqueIdentifier>
    </Filter>
    <Filter Include="02. GameObject\06. UI\HpBar_UI">
      <UniqueIdentifier>{3208e0d7-db07-4d44-8943-c316867a2fff}</UniqueIdentifier>
    </Filter>
    <Filter Include="02. GameObject\01. Character\02. Monster\Monster_Suit">
      <UniqueIdentifier>{2d24f50e-aca2-4087-9ce6-140403d3f4e5}</UniqueIdentifier>
    </Filter>
    <Filter Include="99. Header\Global">
      <UniqueIdentifier>{faa7976c-34af-4f46-bbc6-f6ce369b9656}</UniqueIdentifier>
    </Filter>
    <Filter Include="99. Header\Define">
      <UniqueIdentifier>{54ad33ad-7e57-4c02-abc5-fe8740743b62}</UniqueIdentifier>
    </Filter>
    <Filter Include="02. GameObject\06. UI\LoadingBar_UI">
      <UniqueIdentifier>{74dfdb32-9055-49f8-b7c4-703d242ad8c3}</UniqueIdentifier>
    </Filter>
    <Filter Include="02. GameObject\06. UI\Player_UI">
      <UniqueIdentifier>{f5c42883-adff-44ca-81b8-c6f4edd619e3}</UniqueIdentifier>
    </Filter>
    <Filter Include="02. GameObject\06. UI\Player_UI\01. HandR">
      <UniqueIdentifier>{d933b52e-de6a-42d6-88e9-934d87db3fbc}</UniqueIdentifier>
    </Filter>
    <Filter Include="02. GameObject\06. UI\Player_UI\02. HandL">
      <UniqueIdentifier>{1766b44a-8536-4119-ad23-8fbceca7c235}</UniqueIdentifier>
    </Filter>
    <Filter Include="02. GameObject\06. UI\Player_UI\03. Foot">
      <UniqueIdentifier>{1a589127-940d-4a5b-9925-25a05cae7388}</UniqueIdentifier>
    </Filter>
    <Filter Include="02. GameObject\06. UI\Player_UI\04. Arm">
      <UniqueIdentifier>{c1f62a87-9555-4298-b2e6-0e131ac4d2f7}</UniqueIdentifier>
    </Filter>
    <Filter Include="02. GameObject\06. UI\HpBar_UI\00.Man">
      <UniqueIdentifier>{4dcb0b0e-d572-4c47-bb80-64fd38bcaf81}</UniqueIdentifier>
    </Filter>
    <Filter Include="02. GameObject\06. UI\Weapon">
      <UniqueIdentifier>{cd5bba98-7803-422d-8349-d3eec51b7c1d}</UniqueIdentifier>
    </Filter>
    <Filter Include="02. GameObject\06. UI\Weapon\00. MainWap">
      <UniqueIdentifier>{951b1088-7fca-43dd-b473-d83bced8c6a5}</UniqueIdentifier>
    </Filter>
    <Filter Include="02. GameObject\06. UI\Weapon\00. MainWap\00. Gun">
      <UniqueIdentifier>{13c18b7a-674a-459d-b4c7-0100fa01c9a7}</UniqueIdentifier>
    </Filter>
    <Filter Include="02. GameObject\06. UI\Weapon\00. MainWap\00. Gun\00.Pistol_Gun">
      <UniqueIdentifier>{ddd07700-5822-4144-b82e-12565e074f79}</UniqueIdentifier>
    </Filter>
    <Filter Include="03. Manager\CGlobal_Info">
      <UniqueIdentifier>{a476c76f-d398-4a38-be02-fe198286bb35}</UniqueIdentifier>
    </Filter>
    <Filter Include="02. GameObject\06. UI\EffectUI">
      <UniqueIdentifier>{2400726f-f279-430f-bde0-49174f1e6a32}</UniqueIdentifier>
    </Filter>
    <Filter Include="03. Manager\00. UIManager">
      <UniqueIdentifier>{5160bab5-ff78-4e60-b5e1-66438b3f6a5b}</UniqueIdentifier>
    </Filter>
    <Filter Include="02. GameObject\06. UI\GameEnterUI">
      <UniqueIdentifier>{f19cb03f-d78e-42df-abfa-bb60da841d6f}</UniqueIdentifier>
    </Filter>
    <Filter Include="02. GameObject\06. UI\PanelUI">
      <UniqueIdentifier>{e42b6daa-b313-4604-8026-2d28bb0ad004}</UniqueIdentifier>
    </Filter>
    <Filter Include="02. GameObject\06. UI\GameEnterUI\ScreenUI">
      <UniqueIdentifier>{1533305b-0726-4a04-b2f3-f306d137aef8}</UniqueIdentifier>
    </Filter>
    <Filter Include="02. GameObject\06. UI\GameEnterUI\04. LisaUI">
      <UniqueIdentifier>{4105eb88-8a84-4cdb-9de6-b76837d4f941}</UniqueIdentifier>
    </Filter>
    <Filter Include="02. GameObject\06. UI\GameEnterUI\00. BackGroundUI">
      <UniqueIdentifier>{8b092999-5ace-439b-9d4b-948738d74aa9}</UniqueIdentifier>
    </Filter>
    <Filter Include="02. GameObject\06. UI\GameEnterUI\01. HeartUI">
      <UniqueIdentifier>{10f4f2a4-b01b-46bc-888c-b2ee4a1543df}</UniqueIdentifier>
    </Filter>
    <Filter Include="02. GameObject\07. MapObject">
      <UniqueIdentifier>{7785fcb5-3556-4de2-a110-9980c573bad8}</UniqueIdentifier>
    </Filter>
    <Filter Include="02. GameObject\07. MapObject\01. GridPanel">
      <UniqueIdentifier>{9c0f04b6-6e46-469c-b40c-2f89187b99ea}</UniqueIdentifier>
    </Filter>
    <Filter Include="01. Scene\03. Dev">
      <UniqueIdentifier>{d96275df-e2a9-4cad-9edd-ee527ca80cde}</UniqueIdentifier>
    </Filter>
    <Filter Include="02. GameObject\07. MapObject\02. Tile">
      <UniqueIdentifier>{36459407-25a9-40ac-9a29-1d63f15d3022}</UniqueIdentifier>
    </Filter>
    <Filter Include="02. GameObject\07. MapObject\02. Tile\Deco">
      <UniqueIdentifier>{a0f07827-036a-4b40-9ba9-e09775eb46cd}</UniqueIdentifier>
    </Filter>
    <Filter Include="02. GameObject\07. MapObject\02. Tile\Glass">
      <UniqueIdentifier>{34865486-825f-4ad8-93af-4e91f9475b9c}</UniqueIdentifier>
    </Filter>
    <Filter Include="02. GameObject\07. MapObject\02. Tile\Electric">
      <UniqueIdentifier>{1cbba337-3a42-4719-ac07-748cc9379ea3}</UniqueIdentifier>
    </Filter>
    <Filter Include="02. GameObject\07. MapObject\02. Tile\Acid">
      <UniqueIdentifier>{5dcf906b-a39d-4405-b9a7-3742d2ed14db}</UniqueIdentifier>
    </Filter>
    <Filter Include="02. GameObject\07. MapObject\02. Tile\Vent">
      <UniqueIdentifier>{06b2ccec-24a5-4da0-b6e6-7fcdeb4df5e3}</UniqueIdentifier>
    </Filter>
    <Filter Include="02. GameObject\07. MapObject\03. Dummy">
      <UniqueIdentifier>{1d8da7c3-9a31-4066-99ce-32a13b74e062}</UniqueIdentifier>
    </Filter>
    <Filter Include="02. GameObject\06. UI\Weapon\01. SubWap">
      <UniqueIdentifier>{6fbebdf1-8593-4473-a47b-efe283fcb4ad}</UniqueIdentifier>
    </Filter>
    <Filter Include="02. GameObject\06. UI\Weapon\01. SubWap\00. Knife">
      <UniqueIdentifier>{a614cf80-bc51-4c23-8147-173476cfa0e8}</UniqueIdentifier>
    </Filter>
    <Filter Include="02. GameObject\06. UI\GameEnterUI\02. ChatUI">
      <UniqueIdentifier>{c60277f3-158e-4464-9c72-5d4abae9bb03}</UniqueIdentifier>
    </Filter>
    <Filter Include="02. GameObject\06. UI\GameEnterUI\03. BannelUI">
      <UniqueIdentifier>{33157cdf-ad1d-4f91-a4c0-7781fe420e2e}</UniqueIdentifier>
    </Filter>
    <Filter Include="02. GameObject\06. UI\ImageUI">
      <UniqueIdentifier>{4aecd51c-d299-47e8-84b5-8b61859a7bde}</UniqueIdentifier>
    </Filter>
    <Filter Include="02. GameObject\06. UI\TextUI">
      <UniqueIdentifier>{24eb17b6-b29d-4ff3-baaf-775f305da402}</UniqueIdentifier>
    </Filter>
    <Filter Include="02. GameObject\06. UI\GameEnterUI\05. TalkUI">
      <UniqueIdentifier>{08f7d2e1-a373-47d6-9b71-7cfb5aa25f42}</UniqueIdentifier>
    </Filter>
    <Filter Include="02. GameObject\07. MapObject\03. Dummy\EndPoint">
      <UniqueIdentifier>{30992e90-c74a-420f-ab9a-2ce95693f2a9}</UniqueIdentifier>
    </Filter>
    <Filter Include="02. GameObject\06. UI\GameEnterUI\06. PhoneUI">
      <UniqueIdentifier>{8ac5a1ea-5a0f-4602-a24f-6c7100a49cea}</UniqueIdentifier>
    </Filter>
    <Filter Include="02. GameObject\06. UI\HpBar_UI\01. Phone">
      <UniqueIdentifier>{3a965d0a-87a8-4234-bba4-9f912519161c}</UniqueIdentifier>
    </Filter>
    <Filter Include="02. GameObject\06. UI\HpBar_UI\02. ColorRect">
      <UniqueIdentifier>{cff72b26-8b9f-45f0-bbfc-d473be7f129a}</UniqueIdentifier>
    </Filter>
    <Filter Include="03. Manager\GameDataManager">
      <UniqueIdentifier>{15df7013-6f76-4c67-afaf-0823eba6a3a5}</UniqueIdentifier>
    </Filter>
    <Filter Include="02. GameObject\07. MapObject\02. Tile\Door">
      <UniqueIdentifier>{c340b809-b0d4-4672-a218-2d2e1f87ec1c}</UniqueIdentifier>
    </Filter>
    <Filter Include="02. GameObject\07. MapObject\02. Tile\Bottle">
      <UniqueIdentifier>{50bb4e54-6e0d-4212-9b47-962a83031c49}</UniqueIdentifier>
    </Filter>
    <Filter Include="02. GameObject\07. MapObject\02. Tile\VendingMachine">
      <UniqueIdentifier>{502b03fc-a593-4106-8018-5fbe3b28d27b}</UniqueIdentifier>
    </Filter>
    <Filter Include="02. GameObject\06. UI\ButtonUI">
      <UniqueIdentifier>{b64c51d0-1d8d-43e9-b011-d6199d84e97b}</UniqueIdentifier>
    </Filter>
    <Filter Include="01. Scene\04. Tutorial">
      <UniqueIdentifier>{20714cf0-2295-4e74-a49d-ac22b1d671e0}</UniqueIdentifier>
    </Filter>
    <Filter Include="02. GameObject\06. UI\ImageUI\ItemUI">
      <UniqueIdentifier>{3efbc2e5-7d02-4f62-99c9-6cb0ac89f2f1}</UniqueIdentifier>
    </Filter>
    <Filter Include="02. GameObject\06. UI\TextEffectUI">
      <UniqueIdentifier>{abbe10d1-da4c-4d96-a51f-79b861834986}</UniqueIdentifier>
    </Filter>
    <Filter Include="03. Manager\TutorialTracker">
      <UniqueIdentifier>{4b19302a-ae5a-4bef-a4f0-89a87f47334f}</UniqueIdentifier>
    </Filter>
    <Filter Include="02. GameObject\06. UI\TutorialUI">
      <UniqueIdentifier>{a12349b7-0efd-4a02-b5e3-00cce0a24795}</UniqueIdentifier>
    </Filter>
    <Filter Include="02. GameObject\06. UI\Weapon\02. Manager">
      <UniqueIdentifier>{f1ac6b44-45f2-49c4-947d-733c6a3659d5}</UniqueIdentifier>
    </Filter>
    <Filter Include="02. GameObject\07. MapObject\04. Prefab">
      <UniqueIdentifier>{adeded63-d707-4f1d-acab-85f137514f65}</UniqueIdentifier>
    </Filter>
    <Filter Include="01. Scene\01. Stage\03. Car">
      <UniqueIdentifier>{1195b3a5-670c-4123-a687-703bb73879d7}</UniqueIdentifier>
    </Filter>
    <Filter Include="01. Scene\01. Stage\02. Boss">
      <UniqueIdentifier>{0600d03b-e57f-41c2-bec8-4f73cbc1f8e6}</UniqueIdentifier>
    </Filter>
    <Filter Include="01. Scene\01. Stage\01. Snipe">
      <UniqueIdentifier>{3431ad1f-75f8-4c5d-9d4b-325beb0f243d}</UniqueIdentifier>
    </Filter>
    <Filter Include="02. GameObject\08. Bullet">
      <UniqueIdentifier>{2ba0cc05-01f1-4274-b4e0-6ea65cc4d03c}</UniqueIdentifier>
    </Filter>
    <Filter Include="02. GameObject\01. Character\02. Monster\Monster_Fat">
      <UniqueIdentifier>{12f948f9-9a9b-4618-8204-b0a36fe6cbbc}</UniqueIdentifier>
    </Filter>
    <Filter Include="02. GameObject\01. Character\02. Monster\Monster_Soldier">
      <UniqueIdentifier>{61a6fa21-86aa-4941-a6ef-a562e0d7200b}</UniqueIdentifier>
    </Filter>
    <Filter Include="02. GameObject\06. UI\Weapon\00. MainWap\01. Katana">
      <UniqueIdentifier>{b894e561-405b-4107-9e40-77d69c910903}</UniqueIdentifier>
    </Filter>
    <Filter Include="02. GameObject\06. UI\Weapon\00. MainWap\00. Gun\01. Sniper_Gun">
      <UniqueIdentifier>{b823a077-0904-4df6-afb3-5ad1bba06486}</UniqueIdentifier>
    </Filter>
    <Filter Include="02. GameObject\01. Character\02. Monster\Head">
      <UniqueIdentifier>{521126f9-7c58-49f0-aed5-8c86db261b48}</UniqueIdentifier>
    </Filter>
    <Filter Include="02. GameObject\01. Character\02. Monster\Monster_Dron">
      <UniqueIdentifier>{a983e969-a0ac-4d69-bb4c-3953690c6002}</UniqueIdentifier>
    </Filter>
    <Filter Include="02. GameObject\06. UI\Weapon\00. MainWap\00. Gun\02. Shot_Gun">
      <UniqueIdentifier>{e9cc2184-a240-4924-88ba-403c5a58d8c9}</UniqueIdentifier>
    </Filter>
    <Filter Include="02. GameObject\01. Character\03. Boss">
      <UniqueIdentifier>{b94ab2a1-063e-4c04-ba57-971e1e11b134}</UniqueIdentifier>
    </Filter>
    <Filter Include="04. Video">
      <UniqueIdentifier>{a9ba351f-61c1-43f4-a5cc-21edaec7bcf2}</UniqueIdentifier>
    </Filter>
    <Filter Include="02. GameObject\06. UI\Weapon\00. MainWap\00. Gun\03. Mini_Gun">
      <UniqueIdentifier>{dd8ef5a8-06d9-45aa-a680-d479c47ab247}</UniqueIdentifier>
    </Filter>
    <Filter Include="02. GameObject\09. Missile">
      <UniqueIdentifier>{e981e757-8176-4d92-ac18-c7b733ca879c}</UniqueIdentifier>
    </Filter>
    <Filter Include="02. GameObject\10. Item">
      <UniqueIdentifier>{e34a6c9a-d00a-49aa-a46e-6ef0629aae4a}</UniqueIdentifier>
    </Filter>
    <Filter Include="03. Manager\PrefabRecycleSystem">
      <UniqueIdentifier>{36863f2c-03c1-4fd7-bbbb-9e0d90b411ec}</UniqueIdentifier>
    </Filter>
  </ItemGroup>
  <ItemGroup>
    <ClInclude Include="framework.h">
      <Filter>헤더 파일</Filter>
    </ClInclude>
    <ClInclude Include="targetver.h">
      <Filter>헤더 파일</Filter>
    </ClInclude>
    <ClInclude Include="Resource.h">
      <Filter>헤더 파일</Filter>
    </ClInclude>
    <ClInclude Include="Client.h">
      <Filter>헤더 파일</Filter>
    </ClInclude>
    <ClInclude Include="pch.h">
      <Filter>헤더 파일</Filter>
    </ClInclude>
    <ClInclude Include="..\Header\CMainApp.h">
      <Filter>00. MainApp</Filter>
    </ClInclude>
    <ClInclude Include="..\Header\CLogo.h">
      <Filter>01. Scene\00. Logo</Filter>
    </ClInclude>
    <ClInclude Include="..\Header\CBackGround.h">
      <Filter>02. GameObject\00. BackGround</Filter>
    </ClInclude>
    <ClInclude Include="..\Header\CPlayer.h">
      <Filter>02. GameObject\01. Character\01. Player</Filter>
    </ClInclude>
    <ClInclude Include="..\Header\CMonster.h">
      <Filter>02. GameObject\01. Character\02. Monster</Filter>
    </ClInclude>
    <ClInclude Include="..\Header\CStage.h">
      <Filter>01. Scene\01. Stage</Filter>
    </ClInclude>
    <ClInclude Include="..\Header\CDynamicCamera.h">
      <Filter>02. GameObject\04. Camera\01. DynamicCamera</Filter>
    </ClInclude>
    <ClInclude Include="..\Header\CSkyBox.h">
      <Filter>02. GameObject\05. SkyBox</Filter>
    </ClInclude>
    <ClInclude Include="..\Header\CLoader.h">
      <Filter>01. Scene\02. Loading\Loader</Filter>
    </ClInclude>
    <ClInclude Include="..\Header\CUI.h">
      <Filter>02. GameObject\06. UI</Filter>
    </ClInclude>
    <ClInclude Include="..\Header\CLoading_Scene.h">
      <Filter>01. Scene\02. Loading</Filter>
    </ClInclude>
    <ClInclude Include="..\Header\CCameraFPS.h">
      <Filter>02. GameObject\04. Camera\02. CameraFPS</Filter>
    </ClInclude>
    <ClInclude Include="..\Header\CCharacter.h">
      <Filter>02. GameObject\01. Character</Filter>
    </ClInclude>
    <ClInclude Include="..\Header\CPickingManager.h">
      <Filter>03. Manager\PickingManager</Filter>
    </ClInclude>
    <ClInclude Include="..\Header\CUIBase.h">
      <Filter>02. GameObject\06. UI</Filter>
    </ClInclude>
    <ClInclude Include="..\Header\CMonster_Suit.h">
      <Filter>02. GameObject\01. Character\02. Monster\Monster_Suit</Filter>
    </ClInclude>
    <ClInclude Include="..\Header\CGlobal_Info.h">
      <Filter>03. Manager\CGlobal_Info</Filter>
    </ClInclude>
    <ClInclude Include="..\Header\Client_Global.h">
      <Filter>99. Header\Global</Filter>
    </ClInclude>
    <ClInclude Include="..\Header\Clinet_Define.h">
      <Filter>99. Header\Define</Filter>
    </ClInclude>
    <ClInclude Include="..\Header\CPlayer_HandL.h">
      <Filter>02. GameObject\06. UI\Player_UI\02. HandL</Filter>
    </ClInclude>
    <ClInclude Include="..\Header\CPlayer_HandR.h">
      <Filter>02. GameObject\06. UI\Player_UI\01. HandR</Filter>
    </ClInclude>
    <ClInclude Include="..\Header\CPlayer_Foot.h">
      <Filter>02. GameObject\06. UI\Player_UI\03. Foot</Filter>
    </ClInclude>
    <ClInclude Include="..\Header\CPlayer_Arm.h">
      <Filter>02. GameObject\06. UI\Player_UI\04. Arm</Filter>
    </ClInclude>
    <ClInclude Include="..\Header\CWeapon.h">
      <Filter>02. GameObject\06. UI\Weapon</Filter>
    </ClInclude>
    <ClInclude Include="..\Header\CMainWeapon.h">
      <Filter>02. GameObject\06. UI\Weapon\00. MainWap</Filter>
    </ClInclude>
    <ClInclude Include="..\Header\CPistol_Gun.h">
      <Filter>02. GameObject\06. UI\Weapon\00. MainWap\00. Gun\00.Pistol_Gun</Filter>
    </ClInclude>
    <ClInclude Include="..\Header\CEffectUI.h">
      <Filter>02. GameObject\06. UI\EffectUI</Filter>
    </ClInclude>
    <ClInclude Include="..\Header\CUIManager.h">
      <Filter>03. Manager\00. UIManager</Filter>
    </ClInclude>
    <ClInclude Include="..\Header\CHeartUI.h">
      <Filter>02. GameObject\06. UI\GameEnterUI\01. HeartUI</Filter>
    </ClInclude>
    <ClInclude Include="..\Header\CPanelUI.h">
      <Filter>02. GameObject\06. UI\PanelUI</Filter>
    </ClInclude>
    <ClInclude Include="..\Header\CBlackGackGround.h">
      <Filter>02. GameObject\06. UI\GameEnterUI\00. BackGroundUI</Filter>
    </ClInclude>
    <ClInclude Include="..\Header\CLisaUI.h">
      <Filter>02. GameObject\06. UI\GameEnterUI\04. LisaUI</Filter>
    </ClInclude>
    <ClInclude Include="..\Header\CChatUI.h">
      <Filter>02. GameObject\06. UI\GameEnterUI\02. ChatUI</Filter>
    </ClInclude>
    <ClInclude Include="..\Header\CBannerUI.h">
      <Filter>02. GameObject\06. UI\GameEnterUI\03. BannelUI</Filter>
    </ClInclude>
    <ClInclude Include="..\Header\CImageUI.h">
      <Filter>02. GameObject\06. UI\ImageUI</Filter>
    </ClInclude>
    <ClInclude Include="..\Header\CTextUI.h">
      <Filter>02. GameObject\06. UI\TextUI</Filter>
    </ClInclude>
    <ClInclude Include="..\Header\CTalkUI.h">
      <Filter>02. GameObject\06. UI\GameEnterUI\05. TalkUI</Filter>
    </ClInclude>
    <ClInclude Include="..\Header\CHpBarUI.h">
      <Filter>02. GameObject\06. UI\HpBar_UI</Filter>
    </ClInclude>
    <ClInclude Include="..\Header\CGun.h">
      <Filter>02. GameObject\06. UI\Weapon\00. MainWap\00. Gun</Filter>
    </ClInclude>
    <ClInclude Include="..\Header\CSubWeapon.h">
      <Filter>02. GameObject\06. UI\Weapon\01. SubWap</Filter>
    </ClInclude>
    <ClInclude Include="..\Header\CKnife_SubW.h">
      <Filter>02. GameObject\06. UI\Weapon\01. SubWap\00. Knife</Filter>
    </ClInclude>
    <ClInclude Include="..\Header\CMan_HpBarUI.h">
      <Filter>02. GameObject\06. UI\HpBar_UI\00.Man</Filter>
    </ClInclude>
    <ClInclude Include="..\Header\CGridPanel.h">
      <Filter>02. GameObject\07. MapObject\01. GridPanel</Filter>
    </ClInclude>
    <ClInclude Include="..\Header\CDev.h">
      <Filter>01. Scene\03. Dev</Filter>
    </ClInclude>
    <ClInclude Include="..\Header\CTileBase.h">
      <Filter>02. GameObject\07. MapObject\02. Tile</Filter>
    </ClInclude>
    <ClInclude Include="..\Header\CTile_Acid.h">
      <Filter>02. GameObject\07. MapObject\02. Tile\Acid</Filter>
    </ClInclude>
    <ClInclude Include="..\Header\CTile_Deco.h">
      <Filter>02. GameObject\07. MapObject\02. Tile\Deco</Filter>
    </ClInclude>
    <ClInclude Include="..\Header\CTile_Electric.h">
      <Filter>02. GameObject\07. MapObject\02. Tile\Electric</Filter>
    </ClInclude>
    <ClInclude Include="..\Header\CTile_Glass.h">
      <Filter>02. GameObject\07. MapObject\02. Tile\Glass</Filter>
    </ClInclude>
    <ClInclude Include="..\Header\CTile_Vent.h">
      <Filter>02. GameObject\07. MapObject\02. Tile\Vent</Filter>
    </ClInclude>
    <ClInclude Include="..\Header\CDummyBase.h">
      <Filter>02. GameObject\07. MapObject\03. Dummy</Filter>
    </ClInclude>
    <ClInclude Include="..\Header\CEndPoint.h">
      <Filter>02. GameObject\07. MapObject\03. Dummy\EndPoint</Filter>
    </ClInclude>
    <ClInclude Include="..\Header\CPhoneUI.h">
      <Filter>02. GameObject\06. UI\GameEnterUI\06. PhoneUI</Filter>
    </ClInclude>
    <ClInclude Include="..\Header\CPhone_HpBarUI.h">
      <Filter>02. GameObject\06. UI\HpBar_UI\01. Phone</Filter>
    </ClInclude>
    <ClInclude Include="..\Header\CGameDataManager.h">
      <Filter>03. Manager\GameDataManager</Filter>
    </ClInclude>
    <ClInclude Include="..\Header\CTile_NormalDoor.h">
      <Filter>02. GameObject\07. MapObject\02. Tile\Door</Filter>
    </ClInclude>
    <ClInclude Include="..\Header\CTile_OpeningDoor.h">
      <Filter>02. GameObject\07. MapObject\02. Tile\Door</Filter>
    </ClInclude>
    <ClInclude Include="..\Header\CTile_Bottle.h">
      <Filter>02. GameObject\07. MapObject\02. Tile\Bottle</Filter>
    </ClInclude>
    <ClInclude Include="..\Header\CTile_VendingMachine.h">
      <Filter>02. GameObject\07. MapObject\02. Tile\VendingMachine</Filter>
    </ClInclude>
    <ClInclude Include="..\Header\CButtonUI.h">
      <Filter>02. GameObject\06. UI\ButtonUI</Filter>
    </ClInclude>
    <ClInclude Include="..\Header\CTutorial.h">
      <Filter>01. Scene\04. Tutorial</Filter>
    </ClInclude>
    <ClInclude Include="..\Header\CItemUI.h">
      <Filter>02. GameObject\06. UI\ImageUI\ItemUI</Filter>
    </ClInclude>
    <ClInclude Include="..\Header\CTextEffectUI.h">
      <Filter>02. GameObject\06. UI\TextEffectUI</Filter>
    </ClInclude>
    <ClInclude Include="..\Header\CTutorialTracker.h">
      <Filter>03. Manager\TutorialTracker</Filter>
    </ClInclude>
    <ClInclude Include="..\Header\CTutorialUI.h">
      <Filter>02. GameObject\06. UI\TutorialUI</Filter>
    </ClInclude>
    <ClInclude Include="..\Header\CPrefab.h">
      <Filter>02. GameObject\07. MapObject\04. Prefab</Filter>
    </ClInclude>
    <ClInclude Include="..\Header\CSniper_Gun.h">
      <Filter>02. GameObject\06. UI\Weapon\00. MainWap\00. Gun\01. Sniper_Gun</Filter>
    </ClInclude>
    <ClInclude Include="..\Header\CWeaponUI_Manager.h">
      <Filter>02. GameObject\06. UI\Weapon\02. Manager</Filter>
    </ClInclude>
    <ClInclude Include="..\Header\CPlayerUI_Manager.h">
      <Filter>02. GameObject\06. UI\Player_UI</Filter>
    </ClInclude>
    <ClInclude Include="..\Header\CStage_2.h">
      <Filter>01. Scene\01. Stage</Filter>
    </ClInclude>
    <ClInclude Include="..\Header\CStage_Snipe.h">
      <Filter>01. Scene\01. Stage\01. Snipe</Filter>
    </ClInclude>
    <ClInclude Include="..\Header\CStage_Boss.h">
      <Filter>01. Scene\01. Stage\02. Boss</Filter>
    </ClInclude>
    <ClInclude Include="..\Header\CStage_Car.h">
      <Filter>01. Scene\01. Stage\03. Car</Filter>
    </ClInclude>
    <ClInclude Include="..\Header\CBullet.h">
      <Filter>02. GameObject\08. Bullet</Filter>
    </ClInclude>
    <ClInclude Include="..\Header\CMonster_Fat.h">
      <Filter>02. GameObject\01. Character\02. Monster\Monster_Fat</Filter>
    </ClInclude>
    <ClInclude Include="..\Header\CMonster_Soldier.h">
      <Filter>02. GameObject\01. Character\02. Monster\Monster_Soldier</Filter>
    </ClInclude>
    <ClInclude Include="..\Header\CKatana.h">
      <Filter>02. GameObject\06. UI\Weapon\00. MainWap\01. Katana</Filter>
    </ClInclude>
    <ClInclude Include="..\Header\CMonster_Head.h">
      <Filter>02. GameObject\01. Character\02. Monster\Head</Filter>
    </ClInclude>
    <ClInclude Include="..\Header\CMonster_Dron.h">
      <Filter>02. GameObject\01. Character\02. Monster\Monster_Dron</Filter>
    </ClInclude>
    <ClInclude Include="..\Header\CShot_Gun.h">
      <Filter>02. GameObject\06. UI\Weapon\00. MainWap\00. Gun\02. Shot_Gun</Filter>
    </ClInclude>
    <ClInclude Include="..\Header\CBoss.h">
      <Filter>02. GameObject\01. Character\03. Boss</Filter>
    </ClInclude>
    <ClInclude Include="..\Header\CMini_Gun.h">
      <Filter>02. GameObject\06. UI\Weapon\00. MainWap\00. Gun\03. Mini_Gun</Filter>
    </ClInclude>
    <ClInclude Include="..\Header\CVideo.h">
      <Filter>04. Video</Filter>
    </ClInclude>
    <ClInclude Include="..\Header\CMissile.h">
      <Filter>02. GameObject\09. Missile</Filter>
    </ClInclude>
    <ClInclude Include="..\Header\CWarningCircle.h">
      <Filter>헤더 파일</Filter>
    </ClInclude>
    <ClInclude Include="..\Header\CItem.h">
      <Filter>02. GameObject\10. Item</Filter>
    </ClInclude>
    <ClInclude Include="..\Header\CPrefabRecycleSystem.h">
      <Filter>03. Manager\PrefabRecycleSystem</Filter>
    </ClInclude>
    <ClInclude Include="..\Header\CMonster_Head1.h">
      <Filter>02. GameObject\01. Character\02. Monster\Head</Filter>
    </ClInclude>
  </ItemGroup>
  <ItemGroup>
    <ClCompile Include="Client.cpp">
      <Filter>소스 파일</Filter>
    </ClCompile>
    <ClCompile Include="pch.cpp">
      <Filter>소스 파일</Filter>
    </ClCompile>
    <ClCompile Include="..\Code\CMainApp.cpp">
      <Filter>00. MainApp</Filter>
    </ClCompile>
    <ClCompile Include="..\Code\CLogo.cpp">
      <Filter>01. Scene\00. Logo</Filter>
    </ClCompile>
    <ClCompile Include="..\Code\CBackGround.cpp">
      <Filter>02. GameObject\00. BackGround</Filter>
    </ClCompile>
    <ClCompile Include="..\Code\CStage.cpp">
      <Filter>01. Scene\01. Stage</Filter>
    </ClCompile>
    <ClCompile Include="..\Code\CLoading_Scene.cpp">
      <Filter>01. Scene\02. Loading</Filter>
    </ClCompile>
    <ClCompile Include="..\Code\CDynamicCamera.cpp">
      <Filter>02. GameObject\04. Camera\01. DynamicCamera</Filter>
    </ClCompile>
    <ClCompile Include="..\Code\CSkyBox.cpp">
      <Filter>02. GameObject\05. SkyBox</Filter>
    </ClCompile>
    <ClCompile Include="..\Code\CLoader.cpp">
      <Filter>01. Scene\02. Loading\Loader</Filter>
    </ClCompile>
    <ClCompile Include="..\Code\CUI.cpp">
      <Filter>02. GameObject\06. UI</Filter>
    </ClCompile>
    <ClCompile Include="..\Code\CPlayer.cpp">
      <Filter>02. GameObject\01. Character\01. Player</Filter>
    </ClCompile>
    <ClCompile Include="..\Code\CCameraFPS.cpp">
      <Filter>02. GameObject\04. Camera\02. CameraFPS</Filter>
    </ClCompile>
    <ClCompile Include="..\Code\CCharacter.cpp">
      <Filter>02. GameObject\01. Character</Filter>
    </ClCompile>
    <ClCompile Include="..\Code\CPickingManager.cpp">
      <Filter>03. Manager\PickingManager</Filter>
    </ClCompile>
    <ClCompile Include="..\Code\CUIBase.cpp">
      <Filter>02. GameObject\06. UI</Filter>
    </ClCompile>
    <ClCompile Include="..\Code\CMonster_Suit.cpp">
      <Filter>02. GameObject\01. Character\02. Monster\Monster_Suit</Filter>
    </ClCompile>
    <ClCompile Include="..\Code\CMonster.cpp">
      <Filter>02. GameObject\01. Character\02. Monster</Filter>
    </ClCompile>
    <ClCompile Include="..\Code\CGlobal_Info.cpp">
      <Filter>03. Manager\CGlobal_Info</Filter>
    </ClCompile>
    <ClCompile Include="..\Code\CPlayer_HandL.cpp">
      <Filter>02. GameObject\06. UI\Player_UI\02. HandL</Filter>
    </ClCompile>
    <ClCompile Include="..\Code\CPlayer_HandR.cpp">
      <Filter>02. GameObject\06. UI\Player_UI\01. HandR</Filter>
    </ClCompile>
    <ClCompile Include="..\Code\CPlayer_Foot.cpp">
      <Filter>02. GameObject\06. UI\Player_UI\03. Foot</Filter>
    </ClCompile>
    <ClCompile Include="..\Code\CPlayer_Arm.cpp">
      <Filter>02. GameObject\06. UI\Player_UI\04. Arm</Filter>
    </ClCompile>
    <ClCompile Include="..\Code\CWeapon.cpp">
      <Filter>02. GameObject\06. UI\Weapon</Filter>
    </ClCompile>
    <ClCompile Include="..\Code\CMainWeapon.cpp">
      <Filter>02. GameObject\06. UI\Weapon\00. MainWap</Filter>
    </ClCompile>
    <ClCompile Include="..\Code\CPistol_Gun.cpp">
      <Filter>02. GameObject\06. UI\Weapon\00. MainWap\00. Gun\00.Pistol_Gun</Filter>
    </ClCompile>
    <ClCompile Include="..\Code\CEffectUI.cpp">
      <Filter>02. GameObject\06. UI\EffectUI</Filter>
    </ClCompile>
    <ClCompile Include="..\Code\CHeartUI.cpp">
      <Filter>02. GameObject\06. UI\GameEnterUI\01. HeartUI</Filter>
    </ClCompile>
    <ClCompile Include="..\Code\CPanelUI.cpp">
      <Filter>02. GameObject\06. UI\PanelUI</Filter>
    </ClCompile>
    <ClCompile Include="..\Code\CBlackGackGround.cpp">
      <Filter>02. GameObject\06. UI\GameEnterUI\00. BackGroundUI</Filter>
    </ClCompile>
    <ClCompile Include="..\Code\CLisaUI.cpp">
      <Filter>02. GameObject\06. UI\GameEnterUI\04. LisaUI</Filter>
    </ClCompile>
    <ClCompile Include="..\Code\CChatUI.cpp">
      <Filter>02. GameObject\06. UI\GameEnterUI\02. ChatUI</Filter>
    </ClCompile>
    <ClCompile Include="..\Code\CBannerUI.cpp">
      <Filter>02. GameObject\06. UI\GameEnterUI\03. BannelUI</Filter>
    </ClCompile>
    <ClCompile Include="..\Code\CImageUI.cpp">
      <Filter>02. GameObject\06. UI\ImageUI</Filter>
    </ClCompile>
    <ClCompile Include="..\Code\CTextUI.cpp">
      <Filter>02. GameObject\06. UI\TextUI</Filter>
    </ClCompile>
    <ClCompile Include="..\Code\CUIManager.cpp">
      <Filter>03. Manager\00. UIManager</Filter>
    </ClCompile>
    <ClCompile Include="..\Code\CTalkUI.cpp">
      <Filter>02. GameObject\06. UI\GameEnterUI\05. TalkUI</Filter>
    </ClCompile>
    <ClCompile Include="..\Code\CGun.cpp">
      <Filter>02. GameObject\06. UI\Weapon\00. MainWap\00. Gun</Filter>
    </ClCompile>
    <ClCompile Include="..\Code\CSubWeapon.cpp">
      <Filter>02. GameObject\06. UI\Weapon\01. SubWap</Filter>
    </ClCompile>
    <ClCompile Include="..\Code\CKnife_SubW.cpp">
      <Filter>02. GameObject\06. UI\Weapon\01. SubWap\00. Knife</Filter>
    </ClCompile>
    <ClCompile Include="..\Code\CMan_HpBarUI.cpp">
      <Filter>02. GameObject\06. UI\HpBar_UI\00.Man</Filter>
    </ClCompile>
    <ClCompile Include="..\Code\CGridPanel.cpp">
      <Filter>02. GameObject\07. MapObject\01. GridPanel</Filter>
    </ClCompile>
    <ClCompile Include="..\Code\CDev.cpp">
      <Filter>01. Scene\03. Dev</Filter>
    </ClCompile>
    <ClCompile Include="..\Code\CTileBase.cpp">
      <Filter>02. GameObject\07. MapObject\02. Tile</Filter>
    </ClCompile>
    <ClCompile Include="..\Code\CTile_Acid.cpp">
      <Filter>02. GameObject\07. MapObject\02. Tile\Acid</Filter>
    </ClCompile>
    <ClCompile Include="..\Code\CTile_Deco.cpp">
      <Filter>02. GameObject\07. MapObject\02. Tile\Deco</Filter>
    </ClCompile>
    <ClCompile Include="..\Code\CTile_Glass.cpp">
      <Filter>02. GameObject\07. MapObject\02. Tile\Glass</Filter>
    </ClCompile>
    <ClCompile Include="..\Code\CTile_Electric.cpp">
      <Filter>02. GameObject\07. MapObject\02. Tile\Electric</Filter>
    </ClCompile>
    <ClCompile Include="..\Code\CTile_Vent.cpp">
      <Filter>02. GameObject\07. MapObject\02. Tile\Vent</Filter>
    </ClCompile>
    <ClCompile Include="..\Code\CDummyBase.cpp">
      <Filter>02. GameObject\07. MapObject\03. Dummy</Filter>
    </ClCompile>
    <ClCompile Include="..\Code\CEndPoint.cpp">
      <Filter>02. GameObject\07. MapObject\03. Dummy\EndPoint</Filter>
    </ClCompile>
    <ClCompile Include="..\Code\CPhoneUI.cpp">
      <Filter>02. GameObject\06. UI\GameEnterUI\06. PhoneUI</Filter>
    </ClCompile>
    <ClCompile Include="..\Code\CPhone_HpBarUI.cpp">
      <Filter>02. GameObject\06. UI\HpBar_UI\01. Phone</Filter>
    </ClCompile>
    <ClCompile Include="..\Code\CHpBarUI.cpp">
      <Filter>02. GameObject\06. UI\HpBar_UI</Filter>
    </ClCompile>
    <ClCompile Include="..\Code\CGameDataManager.cpp">
      <Filter>03. Manager\GameDataManager</Filter>
    </ClCompile>
    <ClCompile Include="..\Code\CTile_NormalDoor.cpp">
      <Filter>02. GameObject\07. MapObject\02. Tile\Door</Filter>
    </ClCompile>
    <ClCompile Include="..\Code\CTile_OpeningDoor.cpp">
      <Filter>02. GameObject\07. MapObject\02. Tile\Door</Filter>
    </ClCompile>
    <ClCompile Include="..\Code\CTile_Bottle.cpp">
      <Filter>02. GameObject\07. MapObject\02. Tile\Bottle</Filter>
    </ClCompile>
    <ClCompile Include="..\Code\CTile_VendingMachine.cpp">
      <Filter>02. GameObject\07. MapObject\02. Tile\VendingMachine</Filter>
    </ClCompile>
    <ClCompile Include="..\Code\CButtonUI.cpp">
      <Filter>02. GameObject\06. UI\ButtonUI</Filter>
    </ClCompile>
    <ClCompile Include="..\Code\CTutorial.cpp">
      <Filter>01. Scene\04. Tutorial</Filter>
    </ClCompile>
    <ClCompile Include="..\Code\CItemUI.cpp">
      <Filter>02. GameObject\06. UI\ImageUI\ItemUI</Filter>
    </ClCompile>
    <ClCompile Include="..\Code\CTextEffectUI.cpp">
      <Filter>02. GameObject\06. UI\TextEffectUI</Filter>
    </ClCompile>
    <ClCompile Include="..\Code\CTutorialTracker.cpp">
      <Filter>03. Manager\TutorialTracker</Filter>
    </ClCompile>
    <ClCompile Include="..\Code\CTutorialUI.cpp">
      <Filter>02. GameObject\06. UI\TutorialUI</Filter>
    </ClCompile>
    <ClCompile Include="..\Code\CPrefab.cpp">
      <Filter>02. GameObject\07. MapObject\04. Prefab</Filter>
    </ClCompile>
    <ClCompile Include="..\Code\CSniper_Gun.cpp">
      <Filter>02. GameObject\06. UI\Weapon\00. MainWap\00. Gun\01. Sniper_Gun</Filter>
    </ClCompile>
    <ClCompile Include="..\Code\CWeaponUI_Manager.cpp">
      <Filter>02. GameObject\06. UI\Weapon\02. Manager</Filter>
    </ClCompile>
    <ClCompile Include="..\Code\CPlayerUI_Manager.cpp">
      <Filter>02. GameObject\06. UI\Player_UI</Filter>
    </ClCompile>
    <ClCompile Include="..\Code\CStage_2.cpp">
      <Filter>01. Scene\01. Stage</Filter>
    </ClCompile>
    <ClCompile Include="..\Code\CStage_Snipe.cpp">
      <Filter>01. Scene\01. Stage\01. Snipe</Filter>
    </ClCompile>
    <ClCompile Include="..\Code\CStage_Boss.cpp">
      <Filter>01. Scene\01. Stage\02. Boss</Filter>
    </ClCompile>
    <ClCompile Include="..\Code\CStage_Car.cpp">
      <Filter>01. Scene\01. Stage\03. Car</Filter>
    </ClCompile>
    <ClCompile Include="..\Code\CBullet.cpp">
      <Filter>02. GameObject\08. Bullet</Filter>
    </ClCompile>
    <ClCompile Include="..\Code\CMonster_Fat.cpp">
      <Filter>02. GameObject\01. Character\02. Monster\Monster_Fat</Filter>
    </ClCompile>
    <ClCompile Include="..\Code\CMonster_Soldier.cpp">
      <Filter>02. GameObject\01. Character\02. Monster\Monster_Soldier</Filter>
    </ClCompile>
    <ClCompile Include="..\Code\CKatana.cpp">
      <Filter>02. GameObject\06. UI\Weapon\00. MainWap\01. Katana</Filter>
    </ClCompile>
    <ClCompile Include="..\Code\Client_Global.cpp">
      <Filter>99. Header\Global</Filter>
    </ClCompile>
    <ClCompile Include="..\Code\CMonster_Head.cpp">
      <Filter>02. GameObject\01. Character\02. Monster\Head</Filter>
    </ClCompile>
    <ClCompile Include="..\Code\CMonster_Dron.cpp">
      <Filter>02. GameObject\01. Character\02. Monster\Monster_Dron</Filter>
    </ClCompile>
    <ClCompile Include="..\Code\CShot_Gun.cpp">
      <Filter>02. GameObject\06. UI\Weapon\00. MainWap\00. Gun\02. Shot_Gun</Filter>
    </ClCompile>
    <ClCompile Include="..\Code\CBoss.cpp">
      <Filter>02. GameObject\01. Character\03. Boss</Filter>
    </ClCompile>
    <ClCompile Include="..\Code\CMini_Gun.cpp">
      <Filter>02. GameObject\06. UI\Weapon\00. MainWap\00. Gun\03. Mini_Gun</Filter>
    </ClCompile>
    <ClCompile Include="..\Code\CVideo.cpp">
      <Filter>04. Video</Filter>
    </ClCompile>
    <ClCompile Include="..\Code\CMissile.cpp">
      <Filter>02. GameObject\09. Missile</Filter>
    </ClCompile>
    <ClCompile Include="..\Code\CWarningCircle.cpp">
      <Filter>소스 파일</Filter>
    </ClCompile>
    <ClCompile Include="..\Code\CItem.cpp">
      <Filter>02. GameObject\10. Item</Filter>
    </ClCompile>
    <ClCompile Include="..\Code\CPrefabRecycleSystem.cpp">
      <Filter>03. Manager\PrefabRecycleSystem</Filter>
    </ClCompile>
    <ClCompile Include="..\Code\CMonster_Head1.cpp">
      <Filter>02. GameObject\01. Character\02. Monster\Head</Filter>
    </ClCompile>
  </ItemGroup>
  <ItemGroup>
    <ResourceCompile Include="Client.rc">
      <Filter>리소스 파일</Filter>
    </ResourceCompile>
  </ItemGroup>
  <ItemGroup>
    <Image Include="small.ico">
      <Filter>리소스 파일</Filter>
    </Image>
    <Image Include="Client.ico">
      <Filter>리소스 파일</Filter>
    </Image>
  </ItemGroup>
</Project>